
Microsoft Visual Studio Solution File, Format Version 12.00
# Visual Studio 2013
VisualStudioVersion = 12.0.21005.1
MinimumVisualStudioVersion = 10.0.40219.1
Project("{FAE04EC0-301F-11D3-BF4B-00C04F79EFBC}") = "Enterprise Empire Manager", "Enterprise Empire Manager\Enterprise Empire Manager.csproj", "{A2D8FB85-73D0-4C62-9640-299F3BF545EB}"
EndProject
Project("{FAE04EC0-301F-11D3-BF4B-00C04F79EFBC}") = "UnitTests", "UnitTests\UnitTests.csproj", "{B4DAF7B4-C91A-4738-A118-CA6FA9B6D707}"
EndProject
Project("{FAE04EC0-301F-11D3-BF4B-00C04F79EFBC}") = "Common", "Common\Common.csproj", "{64B0F378-6FDA-48CA-BDAD-4A5514CB19CF}"
EndProject
Project("{2150E333-8FDC-42A3-9474-1A3956D46DE8}") = "Plug-ins", "Plug-ins", "{E478672B-42CF-43BC-AEE9-9D78B81F98E3}"
EndProject
Project("{FAE04EC0-301F-11D3-BF4B-00C04F79EFBC}") = "Chat", "Plug-ins\Chat\Chat.csproj", "{A3F3C5EF-FB41-4353-9E7A-C087EBC2EDDB}"
	ProjectSection(ProjectDependencies) = postProject
		{A2D8FB85-73D0-4C62-9640-299F3BF545EB} = {A2D8FB85-73D0-4C62-9640-299F3BF545EB}
	EndProjectSection
EndProject
Project("{FAE04EC0-301F-11D3-BF4B-00C04F79EFBC}") = "RawInput", "Plug-ins\RawInput\RawInput.csproj", "{247F4B50-DA75-40A4-B938-12C829EE0896}"
	ProjectSection(ProjectDependencies) = postProject
		{A2D8FB85-73D0-4C62-9640-299F3BF545EB} = {A2D8FB85-73D0-4C62-9640-299F3BF545EB}
	EndProjectSection
EndProject
Project("{FAE04EC0-301F-11D3-BF4B-00C04F79EFBC}") = "PluginTemplateWithScreen", "Plug-ins\PluginTemplateWithScreen\PluginTemplateWithScreen.csproj", "{420BC03B-FD88-4049-9DEC-F78EF813F46F}"
	ProjectSection(ProjectDependencies) = postProject
		{A2D8FB85-73D0-4C62-9640-299F3BF545EB} = {A2D8FB85-73D0-4C62-9640-299F3BF545EB}
	EndProjectSection
EndProject
Project("{FAE04EC0-301F-11D3-BF4B-00C04F79EFBC}") = "PluginTemplateWithoutScreen", "Plug-ins\PluginTemplateWithoutScreen\PluginTemplateWithoutScreen.csproj", "{543A593D-4AA8-45E7-B4F3-1CAD7B52A7A3}"
	ProjectSection(ProjectDependencies) = postProject
		{A2D8FB85-73D0-4C62-9640-299F3BF545EB} = {A2D8FB85-73D0-4C62-9640-299F3BF545EB}
	EndProjectSection
EndProject
Project("{2150E333-8FDC-42A3-9474-1A3956D46DE8}") = "Solution Items", "Solution Items", "{11662F06-8E36-4A74-95E0-10CADA7DF3B0}"
	ProjectSection(SolutionItems) = preProject
		eem.build = eem.build
		Externals\Newtonsoft.Json.dll = Externals\Newtonsoft.Json.dll
		Externals\Newtonsoft.Json.Documentation.chm = Externals\Newtonsoft.Json.Documentation.chm
		Externals\Newtonsoft.Json.xml = Externals\Newtonsoft.Json.xml
		Externals\NRtfTree.chm = Externals\NRtfTree.chm
		Externals\System.Data.SQLite.lib = Externals\System.Data.SQLite.lib
		Externals\System.Data.SQLite.XML = Externals\System.Data.SQLite.XML
	EndProjectSection
EndProject
Project("{FAE04EC0-301F-11D3-BF4B-00C04F79EFBC}") = "Ranking", "Plug-ins\Ranking\Ranking.csproj", "{A697E2F7-CDE1-4CB1-A82C-B0FD08947773}"
EndProject
Project("{FAE04EC0-301F-11D3-BF4B-00C04F79EFBC}") = "CityInfo", "Plug-ins\CityInfo\CityInfo.csproj", "{6423B625-9675-4D04-8E12-3746713C3634}"
EndProject
Project("{FAE04EC0-301F-11D3-BF4B-00C04F79EFBC}") = "Notifications", "Plug-ins\Notifications\Notifications.csproj", "{91764BD4-6350-4CCB-A45B-0D958EA98989}"
EndProject
Project("{FAE04EC0-301F-11D3-BF4B-00C04F79EFBC}") = "JsonLogger", "Plug-ins\JsonViewer\JsonLogger.csproj", "{D32F3F5C-77C8-4BB1-848D-534C52A2BBB0}"
EndProject
Project("{FAE04EC0-301F-11D3-BF4B-00C04F79EFBC}") = "Core.Common", "Core.Common\Core.Common.csproj", "{BFAD784D-F504-4809-8CE0-6370FBEE58F7}"
EndProject
Project("{FAE04EC0-301F-11D3-BF4B-00C04F79EFBC}") = "Core.Common.Contracts", "Core.Common.Contracts\Core.Common.Contracts.csproj", "{BD559A85-512D-42D1-841D-0159B1571912}"
EndProject
Project("{FAE04EC0-301F-11D3-BF4B-00C04F79EFBC}") = "Core.Common.Tests", "Core.Common.Tests\Core.Common.Tests.csproj", "{0C09801C-DF8D-48A8-877F-D6F460117AC4}"
EndProject
Project("{FAE04EC0-301F-11D3-BF4B-00C04F79EFBC}") = "EEM.Common", "EEM.Common\EEM.Common.csproj", "{EA36783D-885C-4336-97B8-186CA715662F}"
EndProject
Project("{FAE04EC0-301F-11D3-BF4B-00C04F79EFBC}") = "EEM.Common.Contracts", "EEM.Common.Contracts\EEM.Common.Contracts.csproj", "{A4564E46-1D62-4EF2-8F79-4728362D14E8}"
EndProject
Project("{FAE04EC0-301F-11D3-BF4B-00C04F79EFBC}") = "EEM.Common.Tests", "EEM.Common.Tests\EEM.Common.Tests.csproj", "{952D841A-4BBA-480D-989F-3426C81E47A7}"
EndProject
Project("{FAE04EC0-301F-11D3-BF4B-00C04F79EFBC}") = "EEM.Core", "EEM.Core\EEM.Core.csproj", "{2576A3CB-C8FC-448A-B7BE-C4A6167A144F}"
EndProject
Project("{FAE04EC0-301F-11D3-BF4B-00C04F79EFBC}") = "EEM.Core.Contracts", "EEM.Core.Contracts\EEM.Core.Contracts.csproj", "{34BCCAF7-9FFD-4C87-94F1-0B7BD7CECC97}"
EndProject
Project("{FAE04EC0-301F-11D3-BF4B-00C04F79EFBC}") = "EEM.Core.Tests", "EEM.Core.Tests\EEM.Core.Tests.csproj", "{7B38EF0F-8776-4FD2-9A41-D55F80C9451C}"
EndProject
Project("{FAE04EC0-301F-11D3-BF4B-00C04F79EFBC}") = "EEM.Plugins.Common", "EEM.Plugins.Common\EEM.Plugins.Common.csproj", "{0C47F008-9D67-4B75-A443-B8D631FF0C85}"
EndProject
Project("{FAE04EC0-301F-11D3-BF4B-00C04F79EFBC}") = "EEM.Plugins.Common.Contracts", "EEM.Plugins.Common.Contracts\EEM.Plugins.Common.Contracts.csproj", "{A2634626-BA0F-4E93-B6A1-0DEB2FDE17AA}"
EndProject
Project("{FAE04EC0-301F-11D3-BF4B-00C04F79EFBC}") = "EEM.Plugins.Common.Tests", "EEM.Plugins.Common.Tests\EEM.Plugins.Common.Tests.csproj", "{43B5044D-3C3B-43B2-BA0B-F71583863268}"
EndProject
Project("{FAE04EC0-301F-11D3-BF4B-00C04F79EFBC}") = "NRTFTree", "NRTFTree\NRTFTree.csproj", "{1CBC8BC2-6958-4FEF-8DC9-56834645FC31}"
EndProject
Global
	GlobalSection(SolutionConfigurationPlatforms) = preSolution
		Debug|Any CPU = Debug|Any CPU
		Debug|Mixed Platforms = Debug|Mixed Platforms
		Debug|x64 = Debug|x64
		Debug|x86 = Debug|x86
		Release|Any CPU = Release|Any CPU
		Release|Mixed Platforms = Release|Mixed Platforms
		Release|x64 = Release|x64
		Release|x86 = Release|x86
	EndGlobalSection
	GlobalSection(ProjectConfigurationPlatforms) = postSolution
		{A2D8FB85-73D0-4C62-9640-299F3BF545EB}.Debug|Any CPU.ActiveCfg = Debug|x86
		{A2D8FB85-73D0-4C62-9640-299F3BF545EB}.Debug|Mixed Platforms.ActiveCfg = Debug|x86
		{A2D8FB85-73D0-4C62-9640-299F3BF545EB}.Debug|Mixed Platforms.Build.0 = Debug|x86
		{A2D8FB85-73D0-4C62-9640-299F3BF545EB}.Debug|x64.ActiveCfg = Debug|x64
		{A2D8FB85-73D0-4C62-9640-299F3BF545EB}.Debug|x64.Build.0 = Debug|x64
		{A2D8FB85-73D0-4C62-9640-299F3BF545EB}.Debug|x86.ActiveCfg = Debug|x86
		{A2D8FB85-73D0-4C62-9640-299F3BF545EB}.Debug|x86.Build.0 = Debug|x86
		{A2D8FB85-73D0-4C62-9640-299F3BF545EB}.Release|Any CPU.ActiveCfg = Release|x86
		{A2D8FB85-73D0-4C62-9640-299F3BF545EB}.Release|Mixed Platforms.ActiveCfg = Release|x86
		{A2D8FB85-73D0-4C62-9640-299F3BF545EB}.Release|Mixed Platforms.Build.0 = Release|x86
		{A2D8FB85-73D0-4C62-9640-299F3BF545EB}.Release|x64.ActiveCfg = Release|x64
		{A2D8FB85-73D0-4C62-9640-299F3BF545EB}.Release|x64.Build.0 = Release|x64
		{A2D8FB85-73D0-4C62-9640-299F3BF545EB}.Release|x86.ActiveCfg = Release|x86
		{A2D8FB85-73D0-4C62-9640-299F3BF545EB}.Release|x86.Build.0 = Release|x86
		{B4DAF7B4-C91A-4738-A118-CA6FA9B6D707}.Debug|Any CPU.ActiveCfg = Debug|x86
		{B4DAF7B4-C91A-4738-A118-CA6FA9B6D707}.Debug|Mixed Platforms.ActiveCfg = Debug|x86
		{B4DAF7B4-C91A-4738-A118-CA6FA9B6D707}.Debug|Mixed Platforms.Build.0 = Debug|x86
		{B4DAF7B4-C91A-4738-A118-CA6FA9B6D707}.Debug|x64.ActiveCfg = Debug|x64
		{B4DAF7B4-C91A-4738-A118-CA6FA9B6D707}.Debug|x64.Build.0 = Debug|x64
		{B4DAF7B4-C91A-4738-A118-CA6FA9B6D707}.Debug|x86.ActiveCfg = Debug|x86
		{B4DAF7B4-C91A-4738-A118-CA6FA9B6D707}.Debug|x86.Build.0 = Debug|x86
		{B4DAF7B4-C91A-4738-A118-CA6FA9B6D707}.Release|Any CPU.ActiveCfg = Release|x86
		{B4DAF7B4-C91A-4738-A118-CA6FA9B6D707}.Release|Mixed Platforms.ActiveCfg = Release|x86
		{B4DAF7B4-C91A-4738-A118-CA6FA9B6D707}.Release|Mixed Platforms.Build.0 = Release|x86
		{B4DAF7B4-C91A-4738-A118-CA6FA9B6D707}.Release|x64.ActiveCfg = Release|x64
		{B4DAF7B4-C91A-4738-A118-CA6FA9B6D707}.Release|x86.ActiveCfg = Release|x86
		{64B0F378-6FDA-48CA-BDAD-4A5514CB19CF}.Debug|Any CPU.ActiveCfg = Debug|x86
		{64B0F378-6FDA-48CA-BDAD-4A5514CB19CF}.Debug|Mixed Platforms.ActiveCfg = Debug|x86
		{64B0F378-6FDA-48CA-BDAD-4A5514CB19CF}.Debug|Mixed Platforms.Build.0 = Debug|x86
		{64B0F378-6FDA-48CA-BDAD-4A5514CB19CF}.Debug|x64.ActiveCfg = Debug|x64
		{64B0F378-6FDA-48CA-BDAD-4A5514CB19CF}.Debug|x64.Build.0 = Debug|x64
		{64B0F378-6FDA-48CA-BDAD-4A5514CB19CF}.Debug|x86.ActiveCfg = Debug|x86
		{64B0F378-6FDA-48CA-BDAD-4A5514CB19CF}.Debug|x86.Build.0 = Debug|x86
		{64B0F378-6FDA-48CA-BDAD-4A5514CB19CF}.Release|Any CPU.ActiveCfg = Release|x86
		{64B0F378-6FDA-48CA-BDAD-4A5514CB19CF}.Release|Mixed Platforms.ActiveCfg = Release|x86
		{64B0F378-6FDA-48CA-BDAD-4A5514CB19CF}.Release|Mixed Platforms.Build.0 = Release|x86
		{64B0F378-6FDA-48CA-BDAD-4A5514CB19CF}.Release|x64.ActiveCfg = Release|x64
		{64B0F378-6FDA-48CA-BDAD-4A5514CB19CF}.Release|x64.Build.0 = Release|x64
		{64B0F378-6FDA-48CA-BDAD-4A5514CB19CF}.Release|x86.ActiveCfg = Release|x86
		{64B0F378-6FDA-48CA-BDAD-4A5514CB19CF}.Release|x86.Build.0 = Release|x86
		{A3F3C5EF-FB41-4353-9E7A-C087EBC2EDDB}.Debug|Any CPU.ActiveCfg = Debug|x86
		{A3F3C5EF-FB41-4353-9E7A-C087EBC2EDDB}.Debug|Mixed Platforms.ActiveCfg = Debug|x86
		{A3F3C5EF-FB41-4353-9E7A-C087EBC2EDDB}.Debug|Mixed Platforms.Build.0 = Debug|x86
		{A3F3C5EF-FB41-4353-9E7A-C087EBC2EDDB}.Debug|x64.ActiveCfg = Debug|x64
		{A3F3C5EF-FB41-4353-9E7A-C087EBC2EDDB}.Debug|x64.Build.0 = Debug|x64
		{A3F3C5EF-FB41-4353-9E7A-C087EBC2EDDB}.Debug|x86.ActiveCfg = Debug|x86
		{A3F3C5EF-FB41-4353-9E7A-C087EBC2EDDB}.Debug|x86.Build.0 = Debug|x86
		{A3F3C5EF-FB41-4353-9E7A-C087EBC2EDDB}.Release|Any CPU.ActiveCfg = Release|x86
		{A3F3C5EF-FB41-4353-9E7A-C087EBC2EDDB}.Release|Mixed Platforms.ActiveCfg = Release|x86
		{A3F3C5EF-FB41-4353-9E7A-C087EBC2EDDB}.Release|Mixed Platforms.Build.0 = Release|x86
		{A3F3C5EF-FB41-4353-9E7A-C087EBC2EDDB}.Release|x64.ActiveCfg = Release|x64
		{A3F3C5EF-FB41-4353-9E7A-C087EBC2EDDB}.Release|x64.Build.0 = Release|x64
		{A3F3C5EF-FB41-4353-9E7A-C087EBC2EDDB}.Release|x86.ActiveCfg = Release|x86
		{A3F3C5EF-FB41-4353-9E7A-C087EBC2EDDB}.Release|x86.Build.0 = Release|x86
		{247F4B50-DA75-40A4-B938-12C829EE0896}.Debug|Any CPU.ActiveCfg = Debug|x86
		{247F4B50-DA75-40A4-B938-12C829EE0896}.Debug|Mixed Platforms.ActiveCfg = Debug|x86
		{247F4B50-DA75-40A4-B938-12C829EE0896}.Debug|Mixed Platforms.Build.0 = Debug|x86
		{247F4B50-DA75-40A4-B938-12C829EE0896}.Debug|x64.ActiveCfg = Debug|x64
		{247F4B50-DA75-40A4-B938-12C829EE0896}.Debug|x64.Build.0 = Debug|x64
		{247F4B50-DA75-40A4-B938-12C829EE0896}.Debug|x86.ActiveCfg = Debug|x86
		{247F4B50-DA75-40A4-B938-12C829EE0896}.Debug|x86.Build.0 = Debug|x86
		{247F4B50-DA75-40A4-B938-12C829EE0896}.Release|Any CPU.ActiveCfg = Release|x86
		{247F4B50-DA75-40A4-B938-12C829EE0896}.Release|Mixed Platforms.ActiveCfg = Release|x86
		{247F4B50-DA75-40A4-B938-12C829EE0896}.Release|Mixed Platforms.Build.0 = Release|x86
		{247F4B50-DA75-40A4-B938-12C829EE0896}.Release|x64.ActiveCfg = Release|x64
		{247F4B50-DA75-40A4-B938-12C829EE0896}.Release|x64.Build.0 = Release|x64
		{247F4B50-DA75-40A4-B938-12C829EE0896}.Release|x86.ActiveCfg = Release|x86
		{247F4B50-DA75-40A4-B938-12C829EE0896}.Release|x86.Build.0 = Release|x86
		{420BC03B-FD88-4049-9DEC-F78EF813F46F}.Debug|Any CPU.ActiveCfg = Debug|x86
		{420BC03B-FD88-4049-9DEC-F78EF813F46F}.Debug|Mixed Platforms.ActiveCfg = Debug|x86
		{420BC03B-FD88-4049-9DEC-F78EF813F46F}.Debug|x64.ActiveCfg = Debug|x64
		{420BC03B-FD88-4049-9DEC-F78EF813F46F}.Debug|x64.Build.0 = Debug|x64
		{420BC03B-FD88-4049-9DEC-F78EF813F46F}.Debug|x86.ActiveCfg = Debug|x86
		{420BC03B-FD88-4049-9DEC-F78EF813F46F}.Debug|x86.Build.0 = Debug|x86
		{420BC03B-FD88-4049-9DEC-F78EF813F46F}.Release|Any CPU.ActiveCfg = Release|x86
		{420BC03B-FD88-4049-9DEC-F78EF813F46F}.Release|Mixed Platforms.ActiveCfg = Release|x86
		{420BC03B-FD88-4049-9DEC-F78EF813F46F}.Release|x64.ActiveCfg = Release|x64
		{420BC03B-FD88-4049-9DEC-F78EF813F46F}.Release|x64.Build.0 = Release|x64
		{420BC03B-FD88-4049-9DEC-F78EF813F46F}.Release|x86.ActiveCfg = Release|x86
		{420BC03B-FD88-4049-9DEC-F78EF813F46F}.Release|x86.Build.0 = Release|x86
		{543A593D-4AA8-45E7-B4F3-1CAD7B52A7A3}.Debug|Any CPU.ActiveCfg = Debug|x86
		{543A593D-4AA8-45E7-B4F3-1CAD7B52A7A3}.Debug|Mixed Platforms.ActiveCfg = Debug|x86
		{543A593D-4AA8-45E7-B4F3-1CAD7B52A7A3}.Debug|x64.ActiveCfg = Debug|x64
		{543A593D-4AA8-45E7-B4F3-1CAD7B52A7A3}.Debug|x64.Build.0 = Debug|x64
		{543A593D-4AA8-45E7-B4F3-1CAD7B52A7A3}.Debug|x86.ActiveCfg = Debug|x86
		{543A593D-4AA8-45E7-B4F3-1CAD7B52A7A3}.Debug|x86.Build.0 = Debug|x86
		{543A593D-4AA8-45E7-B4F3-1CAD7B52A7A3}.Release|Any CPU.ActiveCfg = Release|x86
		{543A593D-4AA8-45E7-B4F3-1CAD7B52A7A3}.Release|Mixed Platforms.ActiveCfg = Release|x86
		{543A593D-4AA8-45E7-B4F3-1CAD7B52A7A3}.Release|x64.ActiveCfg = Release|x64
		{543A593D-4AA8-45E7-B4F3-1CAD7B52A7A3}.Release|x64.Build.0 = Release|x64
		{543A593D-4AA8-45E7-B4F3-1CAD7B52A7A3}.Release|x86.ActiveCfg = Release|x86
		{543A593D-4AA8-45E7-B4F3-1CAD7B52A7A3}.Release|x86.Build.0 = Release|x86
		{A697E2F7-CDE1-4CB1-A82C-B0FD08947773}.Debug|Any CPU.ActiveCfg = Debug|x86
		{A697E2F7-CDE1-4CB1-A82C-B0FD08947773}.Debug|Mixed Platforms.ActiveCfg = Debug|x86
		{A697E2F7-CDE1-4CB1-A82C-B0FD08947773}.Debug|Mixed Platforms.Build.0 = Debug|x86
		{A697E2F7-CDE1-4CB1-A82C-B0FD08947773}.Debug|x64.ActiveCfg = Debug|x64
		{A697E2F7-CDE1-4CB1-A82C-B0FD08947773}.Debug|x64.Build.0 = Debug|x64
		{A697E2F7-CDE1-4CB1-A82C-B0FD08947773}.Debug|x86.ActiveCfg = Debug|x86
		{A697E2F7-CDE1-4CB1-A82C-B0FD08947773}.Debug|x86.Build.0 = Debug|x86
		{A697E2F7-CDE1-4CB1-A82C-B0FD08947773}.Release|Any CPU.ActiveCfg = Release|x86
		{A697E2F7-CDE1-4CB1-A82C-B0FD08947773}.Release|Mixed Platforms.ActiveCfg = Release|x86
		{A697E2F7-CDE1-4CB1-A82C-B0FD08947773}.Release|Mixed Platforms.Build.0 = Release|x86
		{A697E2F7-CDE1-4CB1-A82C-B0FD08947773}.Release|x64.ActiveCfg = Release|x64
		{A697E2F7-CDE1-4CB1-A82C-B0FD08947773}.Release|x64.Build.0 = Release|x64
		{A697E2F7-CDE1-4CB1-A82C-B0FD08947773}.Release|x86.ActiveCfg = Release|x86
		{A697E2F7-CDE1-4CB1-A82C-B0FD08947773}.Release|x86.Build.0 = Release|x86
		{6423B625-9675-4D04-8E12-3746713C3634}.Debug|Any CPU.ActiveCfg = Debug|x86
		{6423B625-9675-4D04-8E12-3746713C3634}.Debug|Mixed Platforms.ActiveCfg = Debug|x86
		{6423B625-9675-4D04-8E12-3746713C3634}.Debug|x64.ActiveCfg = Debug|x64
		{6423B625-9675-4D04-8E12-3746713C3634}.Debug|x64.Build.0 = Debug|x64
		{6423B625-9675-4D04-8E12-3746713C3634}.Debug|x86.ActiveCfg = Debug|x86
		{6423B625-9675-4D04-8E12-3746713C3634}.Debug|x86.Build.0 = Debug|x86
		{6423B625-9675-4D04-8E12-3746713C3634}.Release|Any CPU.ActiveCfg = Release|x86
		{6423B625-9675-4D04-8E12-3746713C3634}.Release|Mixed Platforms.ActiveCfg = Release|x86
		{6423B625-9675-4D04-8E12-3746713C3634}.Release|x64.ActiveCfg = Release|x64
		{6423B625-9675-4D04-8E12-3746713C3634}.Release|x86.ActiveCfg = Release|x86
		{6423B625-9675-4D04-8E12-3746713C3634}.Release|x86.Build.0 = Release|x86
		{91764BD4-6350-4CCB-A45B-0D958EA98989}.Debug|Any CPU.ActiveCfg = Debug|x86
		{91764BD4-6350-4CCB-A45B-0D958EA98989}.Debug|Mixed Platforms.ActiveCfg = Debug|x86
		{91764BD4-6350-4CCB-A45B-0D958EA98989}.Debug|x64.ActiveCfg = Debug|x64
		{91764BD4-6350-4CCB-A45B-0D958EA98989}.Debug|x64.Build.0 = Debug|x64
		{91764BD4-6350-4CCB-A45B-0D958EA98989}.Debug|x86.ActiveCfg = Debug|x86
		{91764BD4-6350-4CCB-A45B-0D958EA98989}.Debug|x86.Build.0 = Debug|x86
		{91764BD4-6350-4CCB-A45B-0D958EA98989}.Release|Any CPU.ActiveCfg = Release|x86
		{91764BD4-6350-4CCB-A45B-0D958EA98989}.Release|Mixed Platforms.ActiveCfg = Release|x86
		{91764BD4-6350-4CCB-A45B-0D958EA98989}.Release|x64.ActiveCfg = Release|x64
		{91764BD4-6350-4CCB-A45B-0D958EA98989}.Release|x64.Build.0 = Release|x64
		{91764BD4-6350-4CCB-A45B-0D958EA98989}.Release|x86.ActiveCfg = Release|x86
		{91764BD4-6350-4CCB-A45B-0D958EA98989}.Release|x86.Build.0 = Release|x86
		{D32F3F5C-77C8-4BB1-848D-534C52A2BBB0}.Debug|Any CPU.ActiveCfg = Debug|x86
		{D32F3F5C-77C8-4BB1-848D-534C52A2BBB0}.Debug|Mixed Platforms.ActiveCfg = Debug|x86
		{D32F3F5C-77C8-4BB1-848D-534C52A2BBB0}.Debug|x64.ActiveCfg = Debug|x64
		{D32F3F5C-77C8-4BB1-848D-534C52A2BBB0}.Debug|x64.Build.0 = Debug|x64
		{D32F3F5C-77C8-4BB1-848D-534C52A2BBB0}.Debug|x86.ActiveCfg = Debug|x86
		{D32F3F5C-77C8-4BB1-848D-534C52A2BBB0}.Debug|x86.Build.0 = Debug|x86
		{D32F3F5C-77C8-4BB1-848D-534C52A2BBB0}.Release|Any CPU.ActiveCfg = Release|x86
		{D32F3F5C-77C8-4BB1-848D-534C52A2BBB0}.Release|Mixed Platforms.ActiveCfg = Release|x86
		{D32F3F5C-77C8-4BB1-848D-534C52A2BBB0}.Release|x64.ActiveCfg = Release|x64
		{D32F3F5C-77C8-4BB1-848D-534C52A2BBB0}.Release|x64.Build.0 = Release|x64
		{D32F3F5C-77C8-4BB1-848D-534C52A2BBB0}.Release|x86.ActiveCfg = Release|x86
		{D32F3F5C-77C8-4BB1-848D-534C52A2BBB0}.Release|x86.Build.0 = Release|x86
		{BFAD784D-F504-4809-8CE0-6370FBEE58F7}.Debug|Any CPU.ActiveCfg = Debug|Any CPU
		{BFAD784D-F504-4809-8CE0-6370FBEE58F7}.Debug|Any CPU.Build.0 = Debug|Any CPU
		{BFAD784D-F504-4809-8CE0-6370FBEE58F7}.Debug|Mixed Platforms.ActiveCfg = Debug|Any CPU
		{BFAD784D-F504-4809-8CE0-6370FBEE58F7}.Debug|Mixed Platforms.Build.0 = Debug|Any CPU
		{BFAD784D-F504-4809-8CE0-6370FBEE58F7}.Debug|x64.ActiveCfg = Debug|Any CPU
		{BFAD784D-F504-4809-8CE0-6370FBEE58F7}.Debug|x86.ActiveCfg = Debug|Any CPU
		{BFAD784D-F504-4809-8CE0-6370FBEE58F7}.Release|Any CPU.ActiveCfg = Release|Any CPU
		{BFAD784D-F504-4809-8CE0-6370FBEE58F7}.Release|Any CPU.Build.0 = Release|Any CPU
		{BFAD784D-F504-4809-8CE0-6370FBEE58F7}.Release|Mixed Platforms.ActiveCfg = Release|Any CPU
		{BFAD784D-F504-4809-8CE0-6370FBEE58F7}.Release|Mixed Platforms.Build.0 = Release|Any CPU
		{BFAD784D-F504-4809-8CE0-6370FBEE58F7}.Release|x64.ActiveCfg = Release|Any CPU
		{BFAD784D-F504-4809-8CE0-6370FBEE58F7}.Release|x86.ActiveCfg = Release|Any CPU
		{BD559A85-512D-42D1-841D-0159B1571912}.Debug|Any CPU.ActiveCfg = Debug|Any CPU
		{BD559A85-512D-42D1-841D-0159B1571912}.Debug|Any CPU.Build.0 = Debug|Any CPU
		{BD559A85-512D-42D1-841D-0159B1571912}.Debug|Mixed Platforms.ActiveCfg = Debug|Any CPU
		{BD559A85-512D-42D1-841D-0159B1571912}.Debug|Mixed Platforms.Build.0 = Debug|Any CPU
		{BD559A85-512D-42D1-841D-0159B1571912}.Debug|x64.ActiveCfg = Debug|Any CPU
		{BD559A85-512D-42D1-841D-0159B1571912}.Debug|x86.ActiveCfg = Debug|Any CPU
		{BD559A85-512D-42D1-841D-0159B1571912}.Release|Any CPU.ActiveCfg = Release|Any CPU
		{BD559A85-512D-42D1-841D-0159B1571912}.Release|Any CPU.Build.0 = Release|Any CPU
		{BD559A85-512D-42D1-841D-0159B1571912}.Release|Mixed Platforms.ActiveCfg = Release|Any CPU
		{BD559A85-512D-42D1-841D-0159B1571912}.Release|Mixed Platforms.Build.0 = Release|Any CPU
		{BD559A85-512D-42D1-841D-0159B1571912}.Release|x64.ActiveCfg = Release|Any CPU
		{BD559A85-512D-42D1-841D-0159B1571912}.Release|x86.ActiveCfg = Release|Any CPU
		{0C09801C-DF8D-48A8-877F-D6F460117AC4}.Debug|Any CPU.ActiveCfg = Debug|Any CPU
		{0C09801C-DF8D-48A8-877F-D6F460117AC4}.Debug|Any CPU.Build.0 = Debug|Any CPU
		{0C09801C-DF8D-48A8-877F-D6F460117AC4}.Debug|Mixed Platforms.ActiveCfg = Debug|Any CPU
		{0C09801C-DF8D-48A8-877F-D6F460117AC4}.Debug|Mixed Platforms.Build.0 = Debug|Any CPU
		{0C09801C-DF8D-48A8-877F-D6F460117AC4}.Debug|x64.ActiveCfg = Debug|Any CPU
		{0C09801C-DF8D-48A8-877F-D6F460117AC4}.Debug|x86.ActiveCfg = Debug|Any CPU
		{0C09801C-DF8D-48A8-877F-D6F460117AC4}.Release|Any CPU.ActiveCfg = Release|Any CPU
		{0C09801C-DF8D-48A8-877F-D6F460117AC4}.Release|Any CPU.Build.0 = Release|Any CPU
		{0C09801C-DF8D-48A8-877F-D6F460117AC4}.Release|Mixed Platforms.ActiveCfg = Release|Any CPU
		{0C09801C-DF8D-48A8-877F-D6F460117AC4}.Release|Mixed Platforms.Build.0 = Release|Any CPU
		{0C09801C-DF8D-48A8-877F-D6F460117AC4}.Release|x64.ActiveCfg = Release|Any CPU
		{0C09801C-DF8D-48A8-877F-D6F460117AC4}.Release|x86.ActiveCfg = Release|Any CPU
		{EA36783D-885C-4336-97B8-186CA715662F}.Debug|Any CPU.ActiveCfg = Debug|Any CPU
		{EA36783D-885C-4336-97B8-186CA715662F}.Debug|Any CPU.Build.0 = Debug|Any CPU
		{EA36783D-885C-4336-97B8-186CA715662F}.Debug|Mixed Platforms.ActiveCfg = Debug|Any CPU
		{EA36783D-885C-4336-97B8-186CA715662F}.Debug|Mixed Platforms.Build.0 = Debug|Any CPU
		{EA36783D-885C-4336-97B8-186CA715662F}.Debug|x64.ActiveCfg = Debug|Any CPU
		{EA36783D-885C-4336-97B8-186CA715662F}.Debug|x86.ActiveCfg = Debug|Any CPU
		{EA36783D-885C-4336-97B8-186CA715662F}.Release|Any CPU.ActiveCfg = Release|Any CPU
		{EA36783D-885C-4336-97B8-186CA715662F}.Release|Any CPU.Build.0 = Release|Any CPU
		{EA36783D-885C-4336-97B8-186CA715662F}.Release|Mixed Platforms.ActiveCfg = Release|Any CPU
		{EA36783D-885C-4336-97B8-186CA715662F}.Release|Mixed Platforms.Build.0 = Release|Any CPU
		{EA36783D-885C-4336-97B8-186CA715662F}.Release|x64.ActiveCfg = Release|Any CPU
		{EA36783D-885C-4336-97B8-186CA715662F}.Release|x86.ActiveCfg = Release|Any CPU
		{A4564E46-1D62-4EF2-8F79-4728362D14E8}.Debug|Any CPU.ActiveCfg = Debug|Any CPU
		{A4564E46-1D62-4EF2-8F79-4728362D14E8}.Debug|Any CPU.Build.0 = Debug|Any CPU
		{A4564E46-1D62-4EF2-8F79-4728362D14E8}.Debug|Mixed Platforms.ActiveCfg = Debug|Any CPU
		{A4564E46-1D62-4EF2-8F79-4728362D14E8}.Debug|Mixed Platforms.Build.0 = Debug|Any CPU
		{A4564E46-1D62-4EF2-8F79-4728362D14E8}.Debug|x64.ActiveCfg = Debug|Any CPU
		{A4564E46-1D62-4EF2-8F79-4728362D14E8}.Debug|x86.ActiveCfg = Debug|Any CPU
		{A4564E46-1D62-4EF2-8F79-4728362D14E8}.Release|Any CPU.ActiveCfg = Release|Any CPU
		{A4564E46-1D62-4EF2-8F79-4728362D14E8}.Release|Any CPU.Build.0 = Release|Any CPU
		{A4564E46-1D62-4EF2-8F79-4728362D14E8}.Release|Mixed Platforms.ActiveCfg = Release|Any CPU
		{A4564E46-1D62-4EF2-8F79-4728362D14E8}.Release|Mixed Platforms.Build.0 = Release|Any CPU
		{A4564E46-1D62-4EF2-8F79-4728362D14E8}.Release|x64.ActiveCfg = Release|Any CPU
		{A4564E46-1D62-4EF2-8F79-4728362D14E8}.Release|x86.ActiveCfg = Release|Any CPU
		{952D841A-4BBA-480D-989F-3426C81E47A7}.Debug|Any CPU.ActiveCfg = Debug|Any CPU
		{952D841A-4BBA-480D-989F-3426C81E47A7}.Debug|Any CPU.Build.0 = Debug|Any CPU
		{952D841A-4BBA-480D-989F-3426C81E47A7}.Debug|Mixed Platforms.ActiveCfg = Debug|Any CPU
		{952D841A-4BBA-480D-989F-3426C81E47A7}.Debug|Mixed Platforms.Build.0 = Debug|Any CPU
		{952D841A-4BBA-480D-989F-3426C81E47A7}.Debug|x64.ActiveCfg = Debug|Any CPU
		{952D841A-4BBA-480D-989F-3426C81E47A7}.Debug|x86.ActiveCfg = Debug|Any CPU
		{952D841A-4BBA-480D-989F-3426C81E47A7}.Release|Any CPU.ActiveCfg = Release|Any CPU
		{952D841A-4BBA-480D-989F-3426C81E47A7}.Release|Any CPU.Build.0 = Release|Any CPU
		{952D841A-4BBA-480D-989F-3426C81E47A7}.Release|Mixed Platforms.ActiveCfg = Release|Any CPU
		{952D841A-4BBA-480D-989F-3426C81E47A7}.Release|Mixed Platforms.Build.0 = Release|Any CPU
		{952D841A-4BBA-480D-989F-3426C81E47A7}.Release|x64.ActiveCfg = Release|Any CPU
		{952D841A-4BBA-480D-989F-3426C81E47A7}.Release|x86.ActiveCfg = Release|Any CPU
		{2576A3CB-C8FC-448A-B7BE-C4A6167A144F}.Debug|Any CPU.ActiveCfg = Debug|Any CPU
		{2576A3CB-C8FC-448A-B7BE-C4A6167A144F}.Debug|Any CPU.Build.0 = Debug|Any CPU
		{2576A3CB-C8FC-448A-B7BE-C4A6167A144F}.Debug|Mixed Platforms.ActiveCfg = Debug|Any CPU
		{2576A3CB-C8FC-448A-B7BE-C4A6167A144F}.Debug|Mixed Platforms.Build.0 = Debug|Any CPU
		{2576A3CB-C8FC-448A-B7BE-C4A6167A144F}.Debug|x64.ActiveCfg = Debug|Any CPU
		{2576A3CB-C8FC-448A-B7BE-C4A6167A144F}.Debug|x86.ActiveCfg = Debug|Any CPU
		{2576A3CB-C8FC-448A-B7BE-C4A6167A144F}.Release|Any CPU.ActiveCfg = Release|Any CPU
		{2576A3CB-C8FC-448A-B7BE-C4A6167A144F}.Release|Any CPU.Build.0 = Release|Any CPU
		{2576A3CB-C8FC-448A-B7BE-C4A6167A144F}.Release|Mixed Platforms.ActiveCfg = Release|Any CPU
		{2576A3CB-C8FC-448A-B7BE-C4A6167A144F}.Release|Mixed Platforms.Build.0 = Release|Any CPU
		{2576A3CB-C8FC-448A-B7BE-C4A6167A144F}.Release|x64.ActiveCfg = Release|Any CPU
		{2576A3CB-C8FC-448A-B7BE-C4A6167A144F}.Release|x86.ActiveCfg = Release|Any CPU
		{34BCCAF7-9FFD-4C87-94F1-0B7BD7CECC97}.Debug|Any CPU.ActiveCfg = Debug|Any CPU
		{34BCCAF7-9FFD-4C87-94F1-0B7BD7CECC97}.Debug|Any CPU.Build.0 = Debug|Any CPU
		{34BCCAF7-9FFD-4C87-94F1-0B7BD7CECC97}.Debug|Mixed Platforms.ActiveCfg = Debug|Any CPU
		{34BCCAF7-9FFD-4C87-94F1-0B7BD7CECC97}.Debug|Mixed Platforms.Build.0 = Debug|Any CPU
		{34BCCAF7-9FFD-4C87-94F1-0B7BD7CECC97}.Debug|x64.ActiveCfg = Debug|Any CPU
		{34BCCAF7-9FFD-4C87-94F1-0B7BD7CECC97}.Debug|x86.ActiveCfg = Debug|Any CPU
		{34BCCAF7-9FFD-4C87-94F1-0B7BD7CECC97}.Release|Any CPU.ActiveCfg = Release|Any CPU
		{34BCCAF7-9FFD-4C87-94F1-0B7BD7CECC97}.Release|Any CPU.Build.0 = Release|Any CPU
		{34BCCAF7-9FFD-4C87-94F1-0B7BD7CECC97}.Release|Mixed Platforms.ActiveCfg = Release|Any CPU
		{34BCCAF7-9FFD-4C87-94F1-0B7BD7CECC97}.Release|Mixed Platforms.Build.0 = Release|Any CPU
		{34BCCAF7-9FFD-4C87-94F1-0B7BD7CECC97}.Release|x64.ActiveCfg = Release|Any CPU
		{34BCCAF7-9FFD-4C87-94F1-0B7BD7CECC97}.Release|x86.ActiveCfg = Release|Any CPU
		{7B38EF0F-8776-4FD2-9A41-D55F80C9451C}.Debug|Any CPU.ActiveCfg = Debug|Any CPU
		{7B38EF0F-8776-4FD2-9A41-D55F80C9451C}.Debug|Any CPU.Build.0 = Debug|Any CPU
		{7B38EF0F-8776-4FD2-9A41-D55F80C9451C}.Debug|Mixed Platforms.ActiveCfg = Debug|Any CPU
		{7B38EF0F-8776-4FD2-9A41-D55F80C9451C}.Debug|Mixed Platforms.Build.0 = Debug|Any CPU
		{7B38EF0F-8776-4FD2-9A41-D55F80C9451C}.Debug|x64.ActiveCfg = Debug|Any CPU
		{7B38EF0F-8776-4FD2-9A41-D55F80C9451C}.Debug|x86.ActiveCfg = Debug|Any CPU
		{7B38EF0F-8776-4FD2-9A41-D55F80C9451C}.Release|Any CPU.ActiveCfg = Release|Any CPU
		{7B38EF0F-8776-4FD2-9A41-D55F80C9451C}.Release|Any CPU.Build.0 = Release|Any CPU
		{7B38EF0F-8776-4FD2-9A41-D55F80C9451C}.Release|Mixed Platforms.ActiveCfg = Release|Any CPU
		{7B38EF0F-8776-4FD2-9A41-D55F80C9451C}.Release|Mixed Platforms.Build.0 = Release|Any CPU
		{7B38EF0F-8776-4FD2-9A41-D55F80C9451C}.Release|x64.ActiveCfg = Release|Any CPU
		{7B38EF0F-8776-4FD2-9A41-D55F80C9451C}.Release|x86.ActiveCfg = Release|Any CPU
		{0C47F008-9D67-4B75-A443-B8D631FF0C85}.Debug|Any CPU.ActiveCfg = Debug|Any CPU
		{0C47F008-9D67-4B75-A443-B8D631FF0C85}.Debug|Any CPU.Build.0 = Debug|Any CPU
		{0C47F008-9D67-4B75-A443-B8D631FF0C85}.Debug|Mixed Platforms.ActiveCfg = Debug|Any CPU
		{0C47F008-9D67-4B75-A443-B8D631FF0C85}.Debug|Mixed Platforms.Build.0 = Debug|Any CPU
		{0C47F008-9D67-4B75-A443-B8D631FF0C85}.Debug|x64.ActiveCfg = Debug|Any CPU
		{0C47F008-9D67-4B75-A443-B8D631FF0C85}.Debug|x86.ActiveCfg = Debug|Any CPU
		{0C47F008-9D67-4B75-A443-B8D631FF0C85}.Release|Any CPU.ActiveCfg = Release|Any CPU
		{0C47F008-9D67-4B75-A443-B8D631FF0C85}.Release|Any CPU.Build.0 = Release|Any CPU
		{0C47F008-9D67-4B75-A443-B8D631FF0C85}.Release|Mixed Platforms.ActiveCfg = Release|Any CPU
		{0C47F008-9D67-4B75-A443-B8D631FF0C85}.Release|Mixed Platforms.Build.0 = Release|Any CPU
		{0C47F008-9D67-4B75-A443-B8D631FF0C85}.Release|x64.ActiveCfg = Release|Any CPU
		{0C47F008-9D67-4B75-A443-B8D631FF0C85}.Release|x86.ActiveCfg = Release|Any CPU
		{A2634626-BA0F-4E93-B6A1-0DEB2FDE17AA}.Debug|Any CPU.ActiveCfg = Debug|Any CPU
		{A2634626-BA0F-4E93-B6A1-0DEB2FDE17AA}.Debug|Any CPU.Build.0 = Debug|Any CPU
		{A2634626-BA0F-4E93-B6A1-0DEB2FDE17AA}.Debug|Mixed Platforms.ActiveCfg = Debug|Any CPU
		{A2634626-BA0F-4E93-B6A1-0DEB2FDE17AA}.Debug|Mixed Platforms.Build.0 = Debug|Any CPU
		{A2634626-BA0F-4E93-B6A1-0DEB2FDE17AA}.Debug|x64.ActiveCfg = Debug|Any CPU
		{A2634626-BA0F-4E93-B6A1-0DEB2FDE17AA}.Debug|x86.ActiveCfg = Debug|Any CPU
		{A2634626-BA0F-4E93-B6A1-0DEB2FDE17AA}.Release|Any CPU.ActiveCfg = Release|Any CPU
		{A2634626-BA0F-4E93-B6A1-0DEB2FDE17AA}.Release|Any CPU.Build.0 = Release|Any CPU
		{A2634626-BA0F-4E93-B6A1-0DEB2FDE17AA}.Release|Mixed Platforms.ActiveCfg = Release|Any CPU
		{A2634626-BA0F-4E93-B6A1-0DEB2FDE17AA}.Release|Mixed Platforms.Build.0 = Release|Any CPU
		{A2634626-BA0F-4E93-B6A1-0DEB2FDE17AA}.Release|x64.ActiveCfg = Release|Any CPU
		{A2634626-BA0F-4E93-B6A1-0DEB2FDE17AA}.Release|x86.ActiveCfg = Release|Any CPU
		{43B5044D-3C3B-43B2-BA0B-F71583863268}.Debug|Any CPU.ActiveCfg = Debug|Any CPU
		{43B5044D-3C3B-43B2-BA0B-F71583863268}.Debug|Any CPU.Build.0 = Debug|Any CPU
		{43B5044D-3C3B-43B2-BA0B-F71583863268}.Debug|Mixed Platforms.ActiveCfg = Debug|Any CPU
		{43B5044D-3C3B-43B2-BA0B-F71583863268}.Debug|Mixed Platforms.Build.0 = Debug|Any CPU
		{43B5044D-3C3B-43B2-BA0B-F71583863268}.Debug|x64.ActiveCfg = Debug|Any CPU
		{43B5044D-3C3B-43B2-BA0B-F71583863268}.Debug|x86.ActiveCfg = Debug|Any CPU
		{43B5044D-3C3B-43B2-BA0B-F71583863268}.Release|Any CPU.ActiveCfg = Release|Any CPU
		{43B5044D-3C3B-43B2-BA0B-F71583863268}.Release|Any CPU.Build.0 = Release|Any CPU
		{43B5044D-3C3B-43B2-BA0B-F71583863268}.Release|Mixed Platforms.ActiveCfg = Release|Any CPU
		{43B5044D-3C3B-43B2-BA0B-F71583863268}.Release|Mixed Platforms.Build.0 = Release|Any CPU
		{43B5044D-3C3B-43B2-BA0B-F71583863268}.Release|x64.ActiveCfg = Release|Any CPU
		{43B5044D-3C3B-43B2-BA0B-F71583863268}.Release|x86.ActiveCfg = Release|Any CPU
		{1CBC8BC2-6958-4FEF-8DC9-56834645FC31}.Debug|Any CPU.ActiveCfg = Debug|x86
		{1CBC8BC2-6958-4FEF-8DC9-56834645FC31}.Debug|Mixed Platforms.ActiveCfg = Debug|x86
		{1CBC8BC2-6958-4FEF-8DC9-56834645FC31}.Debug|Mixed Platforms.Build.0 = Debug|x86
		{1CBC8BC2-6958-4FEF-8DC9-56834645FC31}.Debug|x64.ActiveCfg = Debug|x64
		{1CBC8BC2-6958-4FEF-8DC9-56834645FC31}.Debug|x64.Build.0 = Debug|x64
		{1CBC8BC2-6958-4FEF-8DC9-56834645FC31}.Debug|x86.ActiveCfg = Debug|x86
		{1CBC8BC2-6958-4FEF-8DC9-56834645FC31}.Debug|x86.Build.0 = Debug|x86
		{1CBC8BC2-6958-4FEF-8DC9-56834645FC31}.Release|Any CPU.ActiveCfg = Release|x86
		{1CBC8BC2-6958-4FEF-8DC9-56834645FC31}.Release|Mixed Platforms.ActiveCfg = Release|x86
		{1CBC8BC2-6958-4FEF-8DC9-56834645FC31}.Release|Mixed Platforms.Build.0 = Release|x86
		{1CBC8BC2-6958-4FEF-8DC9-56834645FC31}.Release|x64.ActiveCfg = Release|x64
		{1CBC8BC2-6958-4FEF-8DC9-56834645FC31}.Release|x64.Build.0 = Release|x64
		{1CBC8BC2-6958-4FEF-8DC9-56834645FC31}.Release|x86.ActiveCfg = Release|x86
		{1CBC8BC2-6958-4FEF-8DC9-56834645FC31}.Release|x86.Build.0 = Release|x86
	EndGlobalSection
	GlobalSection(SolutionProperties) = preSolution
		HideSolutionNode = FALSE
	EndGlobalSection
	GlobalSection(NestedProjects) = preSolution
		{A3F3C5EF-FB41-4353-9E7A-C087EBC2EDDB} = {E478672B-42CF-43BC-AEE9-9D78B81F98E3}
		{247F4B50-DA75-40A4-B938-12C829EE0896} = {E478672B-42CF-43BC-AEE9-9D78B81F98E3}
		{420BC03B-FD88-4049-9DEC-F78EF813F46F} = {E478672B-42CF-43BC-AEE9-9D78B81F98E3}
		{543A593D-4AA8-45E7-B4F3-1CAD7B52A7A3} = {E478672B-42CF-43BC-AEE9-9D78B81F98E3}
		{A697E2F7-CDE1-4CB1-A82C-B0FD08947773} = {E478672B-42CF-43BC-AEE9-9D78B81F98E3}
		{6423B625-9675-4D04-8E12-3746713C3634} = {E478672B-42CF-43BC-AEE9-9D78B81F98E3}
		{91764BD4-6350-4CCB-A45B-0D958EA98989} = {E478672B-42CF-43BC-AEE9-9D78B81F98E3}
		{D32F3F5C-77C8-4BB1-848D-534C52A2BBB0} = {E478672B-42CF-43BC-AEE9-9D78B81F98E3}
	EndGlobalSection
	GlobalSection(ExtensibilityGlobals) = postSolution
		VisualSVNWorkingCopyRoot = .
	EndGlobalSection
EndGlobal
