
Microsoft Visual Studio Solution File, Format Version 12.00
# Visual Studio 2013
VisualStudioVersion = 12.0.21005.1
MinimumVisualStudioVersion = 10.0.40219.1
Project("{FAE04EC0-301F-11D3-BF4B-00C04F79EFBC}") = "Enterprise Empire Manager", "Enterprise Empire Manager\Enterprise Empire Manager.csproj", "{A2D8FB85-73D0-4C62-9640-299F3BF545EB}"
EndProject
Project("{FAE04EC0-301F-11D3-BF4B-00C04F79EFBC}") = "UnitTests", "UnitTests\UnitTests.csproj", "{B4DAF7B4-C91A-4738-A118-CA6FA9B6D707}"
EndProject
Project("{2150E333-8FDC-42A3-9474-1A3956D46DE8}") = "Plug-ins", "Plug-ins", "{E478672B-42CF-43BC-AEE9-9D78B81F98E3}"
EndProject
Project("{FAE04EC0-301F-11D3-BF4B-00C04F79EFBC}") = "Chat", "Plug-ins\Chat\Chat.csproj", "{A3F3C5EF-FB41-4353-9E7A-C087EBC2EDDB}"
	ProjectSection(ProjectDependencies) = postProject
		{A2D8FB85-73D0-4C62-9640-299F3BF545EB} = {A2D8FB85-73D0-4C62-9640-299F3BF545EB}
	EndProjectSection
EndProject
Project("{FAE04EC0-301F-11D3-BF4B-00C04F79EFBC}") = "RawInput", "Plug-ins\RawInput\RawInput.csproj", "{247F4B50-DA75-40A4-B938-12C829EE0896}"
	ProjectSection(ProjectDependencies) = postProject
		{A2D8FB85-73D0-4C62-9640-299F3BF545EB} = {A2D8FB85-73D0-4C62-9640-299F3BF545EB}
	EndProjectSection
EndProject
Project("{FAE04EC0-301F-11D3-BF4B-00C04F79EFBC}") = "PluginTemplateWithScreen", "Plug-ins\PluginTemplateWithScreen\PluginTemplateWithScreen.csproj", "{420BC03B-FD88-4049-9DEC-F78EF813F46F}"
	ProjectSection(ProjectDependencies) = postProject
		{A2D8FB85-73D0-4C62-9640-299F3BF545EB} = {A2D8FB85-73D0-4C62-9640-299F3BF545EB}
	EndProjectSection
EndProject
Project("{FAE04EC0-301F-11D3-BF4B-00C04F79EFBC}") = "PluginTemplateWithoutScreen", "Plug-ins\PluginTemplateWithoutScreen\PluginTemplateWithoutScreen.csproj", "{543A593D-4AA8-45E7-B4F3-1CAD7B52A7A3}"
	ProjectSection(ProjectDependencies) = postProject
		{A2D8FB85-73D0-4C62-9640-299F3BF545EB} = {A2D8FB85-73D0-4C62-9640-299F3BF545EB}
	EndProjectSection
EndProject
Project("{2150E333-8FDC-42A3-9474-1A3956D46DE8}") = "Solution Items", "Solution Items", "{11662F06-8E36-4A74-95E0-10CADA7DF3B0}"
	ProjectSection(SolutionItems) = preProject
		eem.build = eem.build
		Externals\Newtonsoft.Json.dll = Externals\Newtonsoft.Json.dll
		Externals\Newtonsoft.Json.Documentation.chm = Externals\Newtonsoft.Json.Documentation.chm
		Externals\Newtonsoft.Json.xml = Externals\Newtonsoft.Json.xml
		Externals\NRtfTree.chm = Externals\NRtfTree.chm
		Externals\System.Data.SQLite.lib = Externals\System.Data.SQLite.lib
		Externals\System.Data.SQLite.XML = Externals\System.Data.SQLite.XML
	EndProjectSection
EndProject
Project("{FAE04EC0-301F-11D3-BF4B-00C04F79EFBC}") = "NRTFTree", "NRTFTree\NRTFTree.csproj", "{1CBC8BC2-6958-4FEF-8DC9-56834645FC31}"
EndProject
Project("{FAE04EC0-301F-11D3-BF4B-00C04F79EFBC}") = "Core", "Core\Core.csproj", "{46A5DEE4-562D-4F53-912F-B3C6A570BF12}"
EndProject
Project("{FAE04EC0-301F-11D3-BF4B-00C04F79EFBC}") = "EEM", "EEM\EEM.csproj", "{C0794320-ECD6-4C80-8BF0-33E6AC8CCA24}"
EndProject
Global
	GlobalSection(SolutionConfigurationPlatforms) = preSolution
		Debug|Any CPU = Debug|Any CPU
		Debug|Mixed Platforms = Debug|Mixed Platforms
		Debug|x64 = Debug|x64
		Debug|x86 = Debug|x86
		Release|Any CPU = Release|Any CPU
		Release|Mixed Platforms = Release|Mixed Platforms
		Release|x64 = Release|x64
		Release|x86 = Release|x86
	EndGlobalSection
	GlobalSection(ProjectConfigurationPlatforms) = postSolution
		{A2D8FB85-73D0-4C62-9640-299F3BF545EB}.Debug|Any CPU.ActiveCfg = Debug|x86
		{A2D8FB85-73D0-4C62-9640-299F3BF545EB}.Debug|Mixed Platforms.ActiveCfg = Debug|x86
		{A2D8FB85-73D0-4C62-9640-299F3BF545EB}.Debug|Mixed Platforms.Build.0 = Debug|x86
		{A2D8FB85-73D0-4C62-9640-299F3BF545EB}.Debug|x64.ActiveCfg = Debug|x64
		{A2D8FB85-73D0-4C62-9640-299F3BF545EB}.Debug|x64.Build.0 = Debug|x64
		{A2D8FB85-73D0-4C62-9640-299F3BF545EB}.Debug|x86.ActiveCfg = Debug|x86
		{A2D8FB85-73D0-4C62-9640-299F3BF545EB}.Debug|x86.Build.0 = Debug|x86
		{A2D8FB85-73D0-4C62-9640-299F3BF545EB}.Release|Any CPU.ActiveCfg = Release|x86
		{A2D8FB85-73D0-4C62-9640-299F3BF545EB}.Release|Mixed Platforms.ActiveCfg = Release|x86
		{A2D8FB85-73D0-4C62-9640-299F3BF545EB}.Release|Mixed Platforms.Build.0 = Release|x86
		{A2D8FB85-73D0-4C62-9640-299F3BF545EB}.Release|x64.ActiveCfg = Release|x64
		{A2D8FB85-73D0-4C62-9640-299F3BF545EB}.Release|x64.Build.0 = Release|x64
		{A2D8FB85-73D0-4C62-9640-299F3BF545EB}.Release|x86.ActiveCfg = Release|x86
		{A2D8FB85-73D0-4C62-9640-299F3BF545EB}.Release|x86.Build.0 = Release|x86
		{B4DAF7B4-C91A-4738-A118-CA6FA9B6D707}.Debug|Any CPU.ActiveCfg = Debug|x86
		{B4DAF7B4-C91A-4738-A118-CA6FA9B6D707}.Debug|Mixed Platforms.ActiveCfg = Debug|x86
		{B4DAF7B4-C91A-4738-A118-CA6FA9B6D707}.Debug|Mixed Platforms.Build.0 = Debug|x86
		{B4DAF7B4-C91A-4738-A118-CA6FA9B6D707}.Debug|x64.ActiveCfg = Debug|x64
		{B4DAF7B4-C91A-4738-A118-CA6FA9B6D707}.Debug|x64.Build.0 = Debug|x64
		{B4DAF7B4-C91A-4738-A118-CA6FA9B6D707}.Debug|x86.ActiveCfg = Debug|x86
		{B4DAF7B4-C91A-4738-A118-CA6FA9B6D707}.Debug|x86.Build.0 = Debug|x86
		{B4DAF7B4-C91A-4738-A118-CA6FA9B6D707}.Release|Any CPU.ActiveCfg = Release|x86
		{B4DAF7B4-C91A-4738-A118-CA6FA9B6D707}.Release|Mixed Platforms.ActiveCfg = Release|x86
		{B4DAF7B4-C91A-4738-A118-CA6FA9B6D707}.Release|Mixed Platforms.Build.0 = Release|x86
		{B4DAF7B4-C91A-4738-A118-CA6FA9B6D707}.Release|x64.ActiveCfg = Release|x64
		{B4DAF7B4-C91A-4738-A118-CA6FA9B6D707}.Release|x86.ActiveCfg = Release|x86
		{A3F3C5EF-FB41-4353-9E7A-C087EBC2EDDB}.Debug|Any CPU.ActiveCfg = Debug|x86
		{A3F3C5EF-FB41-4353-9E7A-C087EBC2EDDB}.Debug|Mixed Platforms.ActiveCfg = Debug|x86
		{A3F3C5EF-FB41-4353-9E7A-C087EBC2EDDB}.Debug|Mixed Platforms.Build.0 = Debug|x86
		{A3F3C5EF-FB41-4353-9E7A-C087EBC2EDDB}.Debug|x64.ActiveCfg = Debug|x64
		{A3F3C5EF-FB41-4353-9E7A-C087EBC2EDDB}.Debug|x64.Build.0 = Debug|x64
		{A3F3C5EF-FB41-4353-9E7A-C087EBC2EDDB}.Debug|x86.ActiveCfg = Debug|x86
		{A3F3C5EF-FB41-4353-9E7A-C087EBC2EDDB}.Debug|x86.Build.0 = Debug|x86
		{A3F3C5EF-FB41-4353-9E7A-C087EBC2EDDB}.Release|Any CPU.ActiveCfg = Release|x86
		{A3F3C5EF-FB41-4353-9E7A-C087EBC2EDDB}.Release|Mixed Platforms.ActiveCfg = Release|x86
		{A3F3C5EF-FB41-4353-9E7A-C087EBC2EDDB}.Release|Mixed Platforms.Build.0 = Release|x86
		{A3F3C5EF-FB41-4353-9E7A-C087EBC2EDDB}.Release|x64.ActiveCfg = Release|x64
		{A3F3C5EF-FB41-4353-9E7A-C087EBC2EDDB}.Release|x64.Build.0 = Release|x64
		{A3F3C5EF-FB41-4353-9E7A-C087EBC2EDDB}.Release|x86.ActiveCfg = Release|x86
		{A3F3C5EF-FB41-4353-9E7A-C087EBC2EDDB}.Release|x86.Build.0 = Release|x86
		{247F4B50-DA75-40A4-B938-12C829EE0896}.Debug|Any CPU.ActiveCfg = Debug|x86
		{247F4B50-DA75-40A4-B938-12C829EE0896}.Debug|Mixed Platforms.ActiveCfg = Debug|x86
		{247F4B50-DA75-40A4-B938-12C829EE0896}.Debug|Mixed Platforms.Build.0 = Debug|x86
		{247F4B50-DA75-40A4-B938-12C829EE0896}.Debug|x64.ActiveCfg = Debug|x64
		{247F4B50-DA75-40A4-B938-12C829EE0896}.Debug|x64.Build.0 = Debug|x64
		{247F4B50-DA75-40A4-B938-12C829EE0896}.Debug|x86.ActiveCfg = Debug|x86
		{247F4B50-DA75-40A4-B938-12C829EE0896}.Debug|x86.Build.0 = Debug|x86
		{247F4B50-DA75-40A4-B938-12C829EE0896}.Release|Any CPU.ActiveCfg = Release|x86
		{247F4B50-DA75-40A4-B938-12C829EE0896}.Release|Mixed Platforms.ActiveCfg = Release|x86
		{247F4B50-DA75-40A4-B938-12C829EE0896}.Release|Mixed Platforms.Build.0 = Release|x86
		{247F4B50-DA75-40A4-B938-12C829EE0896}.Release|x64.ActiveCfg = Release|x64
		{247F4B50-DA75-40A4-B938-12C829EE0896}.Release|x64.Build.0 = Release|x64
		{247F4B50-DA75-40A4-B938-12C829EE0896}.Release|x86.ActiveCfg = Release|x86
		{247F4B50-DA75-40A4-B938-12C829EE0896}.Release|x86.Build.0 = Release|x86
		{420BC03B-FD88-4049-9DEC-F78EF813F46F}.Debug|Any CPU.ActiveCfg = Debug|x86
		{420BC03B-FD88-4049-9DEC-F78EF813F46F}.Debug|Mixed Platforms.ActiveCfg = Debug|x86
		{420BC03B-FD88-4049-9DEC-F78EF813F46F}.Debug|x64.ActiveCfg = Debug|x64
		{420BC03B-FD88-4049-9DEC-F78EF813F46F}.Debug|x64.Build.0 = Debug|x64
		{420BC03B-FD88-4049-9DEC-F78EF813F46F}.Debug|x86.ActiveCfg = Debug|x86
		{420BC03B-FD88-4049-9DEC-F78EF813F46F}.Debug|x86.Build.0 = Debug|x86
		{420BC03B-FD88-4049-9DEC-F78EF813F46F}.Release|Any CPU.ActiveCfg = Release|x86
		{420BC03B-FD88-4049-9DEC-F78EF813F46F}.Release|Mixed Platforms.ActiveCfg = Release|x86
		{420BC03B-FD88-4049-9DEC-F78EF813F46F}.Release|x64.ActiveCfg = Release|x64
		{420BC03B-FD88-4049-9DEC-F78EF813F46F}.Release|x64.Build.0 = Release|x64
		{420BC03B-FD88-4049-9DEC-F78EF813F46F}.Release|x86.ActiveCfg = Release|x86
		{420BC03B-FD88-4049-9DEC-F78EF813F46F}.Release|x86.Build.0 = Release|x86
		{543A593D-4AA8-45E7-B4F3-1CAD7B52A7A3}.Debug|Any CPU.ActiveCfg = Debug|x86
		{543A593D-4AA8-45E7-B4F3-1CAD7B52A7A3}.Debug|Mixed Platforms.ActiveCfg = Debug|x86
		{543A593D-4AA8-45E7-B4F3-1CAD7B52A7A3}.Debug|x64.ActiveCfg = Debug|x64
		{543A593D-4AA8-45E7-B4F3-1CAD7B52A7A3}.Debug|x64.Build.0 = Debug|x64
		{543A593D-4AA8-45E7-B4F3-1CAD7B52A7A3}.Debug|x86.ActiveCfg = Debug|x86
		{543A593D-4AA8-45E7-B4F3-1CAD7B52A7A3}.Debug|x86.Build.0 = Debug|x86
		{543A593D-4AA8-45E7-B4F3-1CAD7B52A7A3}.Release|Any CPU.ActiveCfg = Release|x86
		{543A593D-4AA8-45E7-B4F3-1CAD7B52A7A3}.Release|Mixed Platforms.ActiveCfg = Release|x86
		{543A593D-4AA8-45E7-B4F3-1CAD7B52A7A3}.Release|x64.ActiveCfg = Release|x64
		{543A593D-4AA8-45E7-B4F3-1CAD7B52A7A3}.Release|x64.Build.0 = Release|x64
		{543A593D-4AA8-45E7-B4F3-1CAD7B52A7A3}.Release|x86.ActiveCfg = Release|x86
		{543A593D-4AA8-45E7-B4F3-1CAD7B52A7A3}.Release|x86.Build.0 = Release|x86
		{1CBC8BC2-6958-4FEF-8DC9-56834645FC31}.Debug|Any CPU.ActiveCfg = Debug|x86
		{1CBC8BC2-6958-4FEF-8DC9-56834645FC31}.Debug|Mixed Platforms.ActiveCfg = Debug|x86
		{1CBC8BC2-6958-4FEF-8DC9-56834645FC31}.Debug|Mixed Platforms.Build.0 = Debug|x86
		{1CBC8BC2-6958-4FEF-8DC9-56834645FC31}.Debug|x64.ActiveCfg = Debug|x64
		{1CBC8BC2-6958-4FEF-8DC9-56834645FC31}.Debug|x64.Build.0 = Debug|x64
		{1CBC8BC2-6958-4FEF-8DC9-56834645FC31}.Debug|x86.ActiveCfg = Debug|x86
		{1CBC8BC2-6958-4FEF-8DC9-56834645FC31}.Debug|x86.Build.0 = Debug|x86
		{1CBC8BC2-6958-4FEF-8DC9-56834645FC31}.Release|Any CPU.ActiveCfg = Release|x86
		{1CBC8BC2-6958-4FEF-8DC9-56834645FC31}.Release|Mixed Platforms.ActiveCfg = Release|x86
		{1CBC8BC2-6958-4FEF-8DC9-56834645FC31}.Release|Mixed Platforms.Build.0 = Release|x86
		{1CBC8BC2-6958-4FEF-8DC9-56834645FC31}.Release|x64.ActiveCfg = Release|x64
		{1CBC8BC2-6958-4FEF-8DC9-56834645FC31}.Release|x64.Build.0 = Release|x64
		{1CBC8BC2-6958-4FEF-8DC9-56834645FC31}.Release|x86.ActiveCfg = Release|x86
		{1CBC8BC2-6958-4FEF-8DC9-56834645FC31}.Release|x86.Build.0 = Release|x86
		{46A5DEE4-562D-4F53-912F-B3C6A570BF12}.Debug|Any CPU.ActiveCfg = Debug|Any CPU
		{46A5DEE4-562D-4F53-912F-B3C6A570BF12}.Debug|Any CPU.Build.0 = Debug|Any CPU
		{46A5DEE4-562D-4F53-912F-B3C6A570BF12}.Debug|Mixed Platforms.ActiveCfg = Debug|Any CPU
		{46A5DEE4-562D-4F53-912F-B3C6A570BF12}.Debug|Mixed Platforms.Build.0 = Debug|Any CPU
		{46A5DEE4-562D-4F53-912F-B3C6A570BF12}.Debug|x64.ActiveCfg = Debug|Any CPU
		{46A5DEE4-562D-4F53-912F-B3C6A570BF12}.Debug|x86.ActiveCfg = Debug|Any CPU
		{46A5DEE4-562D-4F53-912F-B3C6A570BF12}.Release|Any CPU.ActiveCfg = Release|Any CPU
		{46A5DEE4-562D-4F53-912F-B3C6A570BF12}.Release|Any CPU.Build.0 = Release|Any CPU
		{46A5DEE4-562D-4F53-912F-B3C6A570BF12}.Release|Mixed Platforms.ActiveCfg = Release|Any CPU
		{46A5DEE4-562D-4F53-912F-B3C6A570BF12}.Release|Mixed Platforms.Build.0 = Release|Any CPU
		{46A5DEE4-562D-4F53-912F-B3C6A570BF12}.Release|x64.ActiveCfg = Release|Any CPU
		{46A5DEE4-562D-4F53-912F-B3C6A570BF12}.Release|x86.ActiveCfg = Release|Any CPU
		{46A5DEE4-562D-4F53-912F-B3C6A570BF12}.Release|x86.Build.0 = Release|Any CPU
		{C0794320-ECD6-4C80-8BF0-33E6AC8CCA24}.Debug|Any CPU.ActiveCfg = Debug|Any CPU
		{C0794320-ECD6-4C80-8BF0-33E6AC8CCA24}.Debug|Any CPU.Build.0 = Debug|Any CPU
		{C0794320-ECD6-4C80-8BF0-33E6AC8CCA24}.Debug|Mixed Platforms.ActiveCfg = Debug|Any CPU
		{C0794320-ECD6-4C80-8BF0-33E6AC8CCA24}.Debug|Mixed Platforms.Build.0 = Debug|Any CPU
		{C0794320-ECD6-4C80-8BF0-33E6AC8CCA24}.Debug|x64.ActiveCfg = Debug|Any CPU
		{C0794320-ECD6-4C80-8BF0-33E6AC8CCA24}.Debug|x86.ActiveCfg = Debug|Any CPU
		{C0794320-ECD6-4C80-8BF0-33E6AC8CCA24}.Release|Any CPU.ActiveCfg = Release|Any CPU
		{C0794320-ECD6-4C80-8BF0-33E6AC8CCA24}.Release|Any CPU.Build.0 = Release|Any CPU
		{C0794320-ECD6-4C80-8BF0-33E6AC8CCA24}.Release|Mixed Platforms.ActiveCfg = Release|Any CPU
		{C0794320-ECD6-4C80-8BF0-33E6AC8CCA24}.Release|Mixed Platforms.Build.0 = Release|Any CPU
		{C0794320-ECD6-4C80-8BF0-33E6AC8CCA24}.Release|x64.ActiveCfg = Release|Any CPU
		{C0794320-ECD6-4C80-8BF0-33E6AC8CCA24}.Release|x86.ActiveCfg = Release|Any CPU
		{C0794320-ECD6-4C80-8BF0-33E6AC8CCA24}.Release|x86.Build.0 = Release|Any CPU
	EndGlobalSection
	GlobalSection(SolutionProperties) = preSolution
		HideSolutionNode = FALSE
	EndGlobalSection
	GlobalSection(NestedProjects) = preSolution
		{A3F3C5EF-FB41-4353-9E7A-C087EBC2EDDB} = {E478672B-42CF-43BC-AEE9-9D78B81F98E3}
		{247F4B50-DA75-40A4-B938-12C829EE0896} = {E478672B-42CF-43BC-AEE9-9D78B81F98E3}
		{420BC03B-FD88-4049-9DEC-F78EF813F46F} = {E478672B-42CF-43BC-AEE9-9D78B81F98E3}
		{543A593D-4AA8-45E7-B4F3-1CAD7B52A7A3} = {E478672B-42CF-43BC-AEE9-9D78B81F98E3}
	EndGlobalSection
	GlobalSection(ExtensibilityGlobals) = postSolution
		VisualSVNWorkingCopyRoot = .
	EndGlobalSection
EndGlobal
